
Microsoft Visual Studio Solution File, Format Version 12.00
# Visual Studio Version 17
VisualStudioVersion = 17.11.35312.102
MinimumVisualStudioVersion = 10.0.40219.1
Project("{FAE04EC0-301F-11D3-BF4B-00C04F79EFBC}") = "thuc hanh nhap va chuyen doi du lieu", "Homework\thuc hanh nhap va chuyen doi du lieu.csproj", "{77FE37FB-466E-4364-B770-438F8565CAFC}"
EndProject
Global
	GlobalSection(SolutionConfigurationPlatforms) = preSolution
		Debug|Any CPU = Debug|Any CPU
		Release|Any CPU = Release|Any CPU
	EndGlobalSection
	GlobalSection(ProjectConfigurationPlatforms) = postSolution
		{77FE37FB-466E-4364-B770-438F8565CAFC}.Debug|Any CPU.ActiveCfg = Debug|Any CPU
		{77FE37FB-466E-4364-B770-438F8565CAFC}.Debug|Any CPU.Build.0 = Debug|Any CPU
		{77FE37FB-466E-4364-B770-438F8565CAFC}.Release|Any CPU.ActiveCfg = Release|Any CPU
		{77FE37FB-466E-4364-B770-438F8565CAFC}.Release|Any CPU.Build.0 = Release|Any CPU
	EndGlobalSection
	GlobalSection(SolutionProperties) = preSolution
		HideSolutionNode = FALSE
	EndGlobalSection
	GlobalSection(ExtensibilityGlobals) = postSolution
		SolutionGuid = {B0298BCD-782E-4C76-8096-9D6F46C7726E}
	EndGlobalSection
EndGlobal
