
Microsoft Visual Studio Solution File, Format Version 12.00
# Visual Studio Version 17
VisualStudioVersion = 17.11.35312.102
MinimumVisualStudioVersion = 10.0.40219.1
Project("{FAE04EC0-301F-11D3-BF4B-00C04F79EFBC}") = "GenExSkip", "GenExSkip\GenExSkip.csproj", "{936CCB90-CED3-4DA1-A4AF-7354DB48FADB}"
EndProject
Global
	GlobalSection(SolutionConfigurationPlatforms) = preSolution
		Debug|Any CPU = Debug|Any CPU
		Release|Any CPU = Release|Any CPU
	EndGlobalSection
	GlobalSection(ProjectConfigurationPlatforms) = postSolution
		{936CCB90-CED3-4DA1-A4AF-7354DB48FADB}.Debug|Any CPU.ActiveCfg = Debug|Any CPU
		{936CCB90-CED3-4DA1-A4AF-7354DB48FADB}.Debug|Any CPU.Build.0 = Debug|Any CPU
		{936CCB90-CED3-4DA1-A4AF-7354DB48FADB}.Release|Any CPU.ActiveCfg = Release|Any CPU
		{936CCB90-CED3-4DA1-A4AF-7354DB48FADB}.Release|Any CPU.Build.0 = Release|Any CPU
	EndGlobalSection
	GlobalSection(SolutionProperties) = preSolution
		HideSolutionNode = FALSE
	EndGlobalSection
	GlobalSection(ExtensibilityGlobals) = postSolution
		SolutionGuid = {B0298BCD-782E-4C76-8096-9D6F46C7726E}
	EndGlobalSection
EndGlobal
