
Microsoft Visual Studio Solution File, Format Version 12.00
# Visual Studio Version 17
VisualStudioVersion = 17.0.31903.59
MinimumVisualStudioVersion = 10.0.40219.1
Project("{FAE04EC0-301F-11D3-BF4B-00C04F79EFBC}") = "poem1console", "poem1console\poem1console.csproj", "{EA36F5D4-1D73-44F8-8420-67447FA9F180}"
EndProject
Project("{FAE04EC0-301F-11D3-BF4B-00C04F79EFBC}") = "poem2console", "poem2console\poem2console.csproj", "{7AC4F222-5848-4F3D-9D8A-59FE40E7A853}"
EndProject
Project("{FAE04EC0-301F-11D3-BF4B-00C04F79EFBC}") = "poem3console", "poem3console\poem3console.csproj", "{8F8B8E08-E199-4241-A632-9191D8DB71EF}"
EndProject
Project("{FAE04EC0-301F-11D3-BF4B-00C04F79EFBC}") = "poem1winform", "poem1winform\poem1winform.csproj", "{CE468692-68F0-4A62-B8F8-85249EFB698F}"
EndProject
Project("{FAE04EC0-301F-11D3-BF4B-00C04F79EFBC}") = "poem2winform", "poem2winform\poem2winform.csproj", "{5D4424B5-D66E-4881-BB45-9C1103CBB868}"
EndProject
Global
	GlobalSection(SolutionConfigurationPlatforms) = preSolution
		Debug|Any CPU = Debug|Any CPU
		Release|Any CPU = Release|Any CPU
	EndGlobalSection
	GlobalSection(ProjectConfigurationPlatforms) = postSolution
		{EA36F5D4-1D73-44F8-8420-67447FA9F180}.Debug|Any CPU.ActiveCfg = Debug|Any CPU
		{EA36F5D4-1D73-44F8-8420-67447FA9F180}.Debug|Any CPU.Build.0 = Debug|Any CPU
		{EA36F5D4-1D73-44F8-8420-67447FA9F180}.Release|Any CPU.ActiveCfg = Release|Any CPU
		{EA36F5D4-1D73-44F8-8420-67447FA9F180}.Release|Any CPU.Build.0 = Release|Any CPU
		{7AC4F222-5848-4F3D-9D8A-59FE40E7A853}.Debug|Any CPU.ActiveCfg = Debug|Any CPU
		{7AC4F222-5848-4F3D-9D8A-59FE40E7A853}.Debug|Any CPU.Build.0 = Debug|Any CPU
		{7AC4F222-5848-4F3D-9D8A-59FE40E7A853}.Release|Any CPU.ActiveCfg = Release|Any CPU
		{7AC4F222-5848-4F3D-9D8A-59FE40E7A853}.Release|Any CPU.Build.0 = Release|Any CPU
		{8F8B8E08-E199-4241-A632-9191D8DB71EF}.Debug|Any CPU.ActiveCfg = Debug|Any CPU
		{8F8B8E08-E199-4241-A632-9191D8DB71EF}.Debug|Any CPU.Build.0 = Debug|Any CPU
		{8F8B8E08-E199-4241-A632-9191D8DB71EF}.Release|Any CPU.ActiveCfg = Release|Any CPU
		{8F8B8E08-E199-4241-A632-9191D8DB71EF}.Release|Any CPU.Build.0 = Release|Any CPU
		{CE468692-68F0-4A62-B8F8-85249EFB698F}.Debug|Any CPU.ActiveCfg = Debug|Any CPU
		{CE468692-68F0-4A62-B8F8-85249EFB698F}.Debug|Any CPU.Build.0 = Debug|Any CPU
		{CE468692-68F0-4A62-B8F8-85249EFB698F}.Release|Any CPU.ActiveCfg = Release|Any CPU
		{CE468692-68F0-4A62-B8F8-85249EFB698F}.Release|Any CPU.Build.0 = Release|Any CPU
		{5D4424B5-D66E-4881-BB45-9C1103CBB868}.Debug|Any CPU.ActiveCfg = Debug|Any CPU
		{5D4424B5-D66E-4881-BB45-9C1103CBB868}.Debug|Any CPU.Build.0 = Debug|Any CPU
		{5D4424B5-D66E-4881-BB45-9C1103CBB868}.Release|Any CPU.ActiveCfg = Release|Any CPU
		{5D4424B5-D66E-4881-BB45-9C1103CBB868}.Release|Any CPU.Build.0 = Release|Any CPU
	EndGlobalSection
	GlobalSection(SolutionProperties) = preSolution
		HideSolutionNode = FALSE
	EndGlobalSection
	GlobalSection(ExtensibilityGlobals) = postSolution
		SolutionGuid = {348A307F-024C-4543-8914-847D2CDF897E}
	EndGlobalSection
EndGlobal
